{
  "name": "@amlhubs/tei-p5",
  "version": "0.0.1",
  "lockfileVersion": 3,
  "requires": true,
  "packages": {
    "": {
      "name": "@amlhubs/tei-p5",
      "version": "0.0.1",
      "license": "MIT",
      "peerDependencies": {
        "@amlhubs/mof": "^0.0.1",
        "@amlhubs/uml": "^0.0.1"
      }
    },
    "node_modules/@amlhubs/mof": {
      "version": "0.0.1",
      "resolved": "https://npm.pkg.github.com/download/@amlhubs/mof/0.0.1/e85cd5f8dab780e252d24632d7e2de39cea26c94",
      "integrity": "sha512-ebvKgScx5HWTSCaos1fXCwAZRFpMG7ER6tL7h5HIjbTBmdQrqMoJ8ojkMmeu4qnvUemfp8W0ksV+Zo/G2/hTHQ==",
      "license": "UNLICENSED",
      "peer": true,
      "peerDependencies": {
        "@amlhubs/uml": "0.0.1"
      }
    },
    "node_modules/@amlhubs/uml": {
      "version": "0.0.1",
      "resolved": "https://npm.pkg.github.com/download/@amlhubs/uml/0.0.1/3786adf7ef001e4929069ece11fa6ee5535cf86f",
      "integrity": "sha512-nYkL8655S8h86XHqdiAidYpM1HlzYWdJaEuuUk6q8eZce8F1T3lbxD022Q4HspsMcc4iIp8h2mX1fgaudD3BZQ==",
      "license": "UNLICENSED",
      "peer": true
    }
  }
}
